
Microsoft Visual Studio Solution File, Format Version 12.00
# Visual Studio 15
Project("{FAE04EC0-301F-11D3-BF4B-00C04F79EFBC}") = "2-2", "2-2\2-2.csproj", "{B167C1F2-3753-4C2A-AF20-352AF866E829}"
EndProject
Global
	GlobalSection(SolutionConfigurationPlatforms) = preSolution
		Debug|anycpu = Debug|anycpu
		Release|anycpu = Release|anycpu
	EndGlobalSection
	GlobalSection(ProjectConfigurationPlatforms) = postSolution
		{B167C1F2-3753-4C2A-AF20-352AF866E829}.Debug|anycpu.ActiveCfg = Debug|anycpu
		{B167C1F2-3753-4C2A-AF20-352AF866E829}.Debug|anycpu.Build.0 = Debug|anycpu
		{B167C1F2-3753-4C2A-AF20-352AF866E829}.Release|anycpu.ActiveCfg = Release|anycpu
		{B167C1F2-3753-4C2A-AF20-352AF866E829}.Release|anycpu.Build.0 = Release|anycpu
	EndGlobalSection
EndGlobal
