
Microsoft Visual Studio Solution File, Format Version 12.00
# Visual Studio 15
Project("{FAE04EC0-301F-11D3-BF4B-00C04F79EFBC}") = "2-4", "2-4\2-4.csproj", "{509AB4B2-C813-4073-8762-ACC7EE48857D}"
EndProject
Global
	GlobalSection(SolutionConfigurationPlatforms) = preSolution
		Debug|anycpu = Debug|anycpu
		Release|anycpu = Release|anycpu
	EndGlobalSection
	GlobalSection(ProjectConfigurationPlatforms) = postSolution
		{509AB4B2-C813-4073-8762-ACC7EE48857D}.Debug|anycpu.ActiveCfg = Debug|anycpu
		{509AB4B2-C813-4073-8762-ACC7EE48857D}.Debug|anycpu.Build.0 = Debug|anycpu
		{509AB4B2-C813-4073-8762-ACC7EE48857D}.Release|anycpu.ActiveCfg = Release|anycpu
		{509AB4B2-C813-4073-8762-ACC7EE48857D}.Release|anycpu.Build.0 = Release|anycpu
	EndGlobalSection
EndGlobal
